
Microsoft Visual Studio Solution File, Format Version 12.00
# Visual Studio Version 17
VisualStudioVersion = 17.9.34723.18
MinimumVisualStudioVersion = 10.0.40219.1
Project("{2150E333-8FDC-42A3-9474-1A3956D46DE8}") = "Services", "Services", "{9AD36A59-AA29-4870-BB38-29F1FC34CB3E}"
EndProject
Project("{2150E333-8FDC-42A3-9474-1A3956D46DE8}") = "Catalog", "Catalog", "{8B12B67F-4862-496A-9DB5-7C41D55F4F5C}"
EndProject
Project("{9A19103F-16F7-4668-BE54-9A1E7A4F7556}") = "Catalog.Api", "Catalog.Api\Catalog.Api.csproj", "{281EF18D-7DA0-453A-8A9A-0071B6DDAF92}"
EndProject
Project("{2150E333-8FDC-42A3-9474-1A3956D46DE8}") = "Building Blocks", "Building Blocks", "{504D41CF-ED6F-4298-B2E9-703E9C55959A}"
EndProject
Project("{9A19103F-16F7-4668-BE54-9A1E7A4F7556}") = "BuildingBlocks", "BuildingBlocks\BuildingBlocks\BuildingBlocks.csproj", "{7FE592FD-C0E3-4A08-B7E3-5D28C9AA3767}"
EndProject
Project("{E53339B2-1760-4266-BCC7-CA923CBCF16C}") = "docker-compose", "docker-compose.dcproj", "{B8933480-DE6F-4704-B941-3C5B8635F99B}"
EndProject
Project("{2150E333-8FDC-42A3-9474-1A3956D46DE8}") = "Basket", "Basket", "{7C9E6033-0D58-48D2-866E-164B1A8FFD6E}"
EndProject
Project("{9A19103F-16F7-4668-BE54-9A1E7A4F7556}") = "Basket.Api", "Services\Basket\Basket.Api\Basket.Api.csproj", "{EFFC7493-DF50-459A-B9BA-43F4407C3080}"
EndProject
Project("{2150E333-8FDC-42A3-9474-1A3956D46DE8}") = "Discount", "Discount", "{AA1616F6-7550-4127-A8C8-E05F714486D1}"
EndProject
Project("{9A19103F-16F7-4668-BE54-9A1E7A4F7556}") = "DiscountGrpc", "Services\Discount\DiscountGrpc\DiscountGrpc.csproj", "{E771E9D8-8EC2-4B69-95F4-09593284D2DC}"
EndProject
Project("{2150E333-8FDC-42A3-9474-1A3956D46DE8}") = "Ordering", "Ordering", "{E21A81AB-40F9-467B-9E16-0D3B15102CA6}"
EndProject
Project("{FAE04EC0-301F-11D3-BF4B-00C04F79EFBC}") = "Ordering.API", "Services\Ordering\Ordering.API\Ordering.API.csproj", "{9CC08925-1CBB-4245-B406-619889A8F097}"
EndProject
Project("{FAE04EC0-301F-11D3-BF4B-00C04F79EFBC}") = "Ordering.Domain", "Services\Ordering\Ordering.Domain\Ordering.Domain.csproj", "{D598D606-0900-4D4F-BD3A-F1B69944DCE1}"
EndProject
Project("{FAE04EC0-301F-11D3-BF4B-00C04F79EFBC}") = "Ordering.Application", "Services\Ordering\Ordering.Application\Ordering.Application.csproj", "{E007C400-DDD1-4BF7-A866-970FB6674D76}"
EndProject
Project("{FAE04EC0-301F-11D3-BF4B-00C04F79EFBC}") = "Ordering.Infrastructure", "Services\Ordering\Ordering.Infrastructure\Ordering.Infrastructure.csproj", "{BC1FBE51-1DD2-4F68-93A0-0AA873218709}"
EndProject
Global
	GlobalSection(SolutionConfigurationPlatforms) = preSolution
		Debug|Any CPU = Debug|Any CPU
		Release|Any CPU = Release|Any CPU
	EndGlobalSection
	GlobalSection(ProjectConfigurationPlatforms) = postSolution
		{281EF18D-7DA0-453A-8A9A-0071B6DDAF92}.Debug|Any CPU.ActiveCfg = Debug|Any CPU
		{281EF18D-7DA0-453A-8A9A-0071B6DDAF92}.Debug|Any CPU.Build.0 = Debug|Any CPU
		{281EF18D-7DA0-453A-8A9A-0071B6DDAF92}.Release|Any CPU.ActiveCfg = Release|Any CPU
		{281EF18D-7DA0-453A-8A9A-0071B6DDAF92}.Release|Any CPU.Build.0 = Release|Any CPU
		{7FE592FD-C0E3-4A08-B7E3-5D28C9AA3767}.Debug|Any CPU.ActiveCfg = Debug|Any CPU
		{7FE592FD-C0E3-4A08-B7E3-5D28C9AA3767}.Debug|Any CPU.Build.0 = Debug|Any CPU
		{7FE592FD-C0E3-4A08-B7E3-5D28C9AA3767}.Release|Any CPU.ActiveCfg = Release|Any CPU
		{7FE592FD-C0E3-4A08-B7E3-5D28C9AA3767}.Release|Any CPU.Build.0 = Release|Any CPU
		{B8933480-DE6F-4704-B941-3C5B8635F99B}.Debug|Any CPU.ActiveCfg = Debug|Any CPU
		{B8933480-DE6F-4704-B941-3C5B8635F99B}.Debug|Any CPU.Build.0 = Debug|Any CPU
		{B8933480-DE6F-4704-B941-3C5B8635F99B}.Release|Any CPU.ActiveCfg = Release|Any CPU
		{B8933480-DE6F-4704-B941-3C5B8635F99B}.Release|Any CPU.Build.0 = Release|Any CPU
		{EFFC7493-DF50-459A-B9BA-43F4407C3080}.Debug|Any CPU.ActiveCfg = Debug|Any CPU
		{EFFC7493-DF50-459A-B9BA-43F4407C3080}.Debug|Any CPU.Build.0 = Debug|Any CPU
		{EFFC7493-DF50-459A-B9BA-43F4407C3080}.Release|Any CPU.ActiveCfg = Release|Any CPU
		{EFFC7493-DF50-459A-B9BA-43F4407C3080}.Release|Any CPU.Build.0 = Release|Any CPU
		{E771E9D8-8EC2-4B69-95F4-09593284D2DC}.Debug|Any CPU.ActiveCfg = Debug|Any CPU
		{E771E9D8-8EC2-4B69-95F4-09593284D2DC}.Debug|Any CPU.Build.0 = Debug|Any CPU
		{E771E9D8-8EC2-4B69-95F4-09593284D2DC}.Release|Any CPU.ActiveCfg = Release|Any CPU
		{E771E9D8-8EC2-4B69-95F4-09593284D2DC}.Release|Any CPU.Build.0 = Release|Any CPU
		{9CC08925-1CBB-4245-B406-619889A8F097}.Debug|Any CPU.ActiveCfg = Debug|Any CPU
		{9CC08925-1CBB-4245-B406-619889A8F097}.Debug|Any CPU.Build.0 = Debug|Any CPU
		{9CC08925-1CBB-4245-B406-619889A8F097}.Release|Any CPU.ActiveCfg = Release|Any CPU
		{9CC08925-1CBB-4245-B406-619889A8F097}.Release|Any CPU.Build.0 = Release|Any CPU
		{D598D606-0900-4D4F-BD3A-F1B69944DCE1}.Debug|Any CPU.ActiveCfg = Debug|Any CPU
		{D598D606-0900-4D4F-BD3A-F1B69944DCE1}.Debug|Any CPU.Build.0 = Debug|Any CPU
		{D598D606-0900-4D4F-BD3A-F1B69944DCE1}.Release|Any CPU.ActiveCfg = Release|Any CPU
		{D598D606-0900-4D4F-BD3A-F1B69944DCE1}.Release|Any CPU.Build.0 = Release|Any CPU
		{E007C400-DDD1-4BF7-A866-970FB6674D76}.Debug|Any CPU.ActiveCfg = Debug|Any CPU
		{E007C400-DDD1-4BF7-A866-970FB6674D76}.Debug|Any CPU.Build.0 = Debug|Any CPU
		{E007C400-DDD1-4BF7-A866-970FB6674D76}.Release|Any CPU.ActiveCfg = Release|Any CPU
		{E007C400-DDD1-4BF7-A866-970FB6674D76}.Release|Any CPU.Build.0 = Release|Any CPU
		{BC1FBE51-1DD2-4F68-93A0-0AA873218709}.Debug|Any CPU.ActiveCfg = Debug|Any CPU
		{BC1FBE51-1DD2-4F68-93A0-0AA873218709}.Debug|Any CPU.Build.0 = Debug|Any CPU
		{BC1FBE51-1DD2-4F68-93A0-0AA873218709}.Release|Any CPU.ActiveCfg = Release|Any CPU
		{BC1FBE51-1DD2-4F68-93A0-0AA873218709}.Release|Any CPU.Build.0 = Release|Any CPU
	EndGlobalSection
	GlobalSection(SolutionProperties) = preSolution
		HideSolutionNode = FALSE
	EndGlobalSection
	GlobalSection(NestedProjects) = preSolution
		{8B12B67F-4862-496A-9DB5-7C41D55F4F5C} = {9AD36A59-AA29-4870-BB38-29F1FC34CB3E}
		{281EF18D-7DA0-453A-8A9A-0071B6DDAF92} = {8B12B67F-4862-496A-9DB5-7C41D55F4F5C}
		{7FE592FD-C0E3-4A08-B7E3-5D28C9AA3767} = {504D41CF-ED6F-4298-B2E9-703E9C55959A}
		{7C9E6033-0D58-48D2-866E-164B1A8FFD6E} = {9AD36A59-AA29-4870-BB38-29F1FC34CB3E}
		{EFFC7493-DF50-459A-B9BA-43F4407C3080} = {7C9E6033-0D58-48D2-866E-164B1A8FFD6E}
		{AA1616F6-7550-4127-A8C8-E05F714486D1} = {9AD36A59-AA29-4870-BB38-29F1FC34CB3E}
		{E771E9D8-8EC2-4B69-95F4-09593284D2DC} = {AA1616F6-7550-4127-A8C8-E05F714486D1}
		{E21A81AB-40F9-467B-9E16-0D3B15102CA6} = {9AD36A59-AA29-4870-BB38-29F1FC34CB3E}
		{9CC08925-1CBB-4245-B406-619889A8F097} = {E21A81AB-40F9-467B-9E16-0D3B15102CA6}
		{D598D606-0900-4D4F-BD3A-F1B69944DCE1} = {E21A81AB-40F9-467B-9E16-0D3B15102CA6}
		{E007C400-DDD1-4BF7-A866-970FB6674D76} = {E21A81AB-40F9-467B-9E16-0D3B15102CA6}
		{BC1FBE51-1DD2-4F68-93A0-0AA873218709} = {E21A81AB-40F9-467B-9E16-0D3B15102CA6}
	EndGlobalSection
	GlobalSection(ExtensibilityGlobals) = postSolution
		SolutionGuid = {CE3BB963-63CD-4DCC-8E25-ED4C397B752B}
	EndGlobalSection
EndGlobal
